Microsoft Visual Studio Solution File, Format Version 12.00
# Visual Studio Version 17
VisualStudioVersion = 17.5.2.0
MinimumVisualStudioVersion = 10.0.40219.1
Project("{FAE04EC0-301F-11D3-BF4B-00C04F79EFBC}") = "Treinamento", "Treinamento\Treinamento.csproj", "{B943DBE1-54E6-0E1A-E0B7-D591754B3D72}"
EndProject
Global
	GlobalSection(SolutionConfigurationPlatforms) = preSolution
		Debug|Any CPU = Debug|Any CPU
		Release|Any CPU = Release|Any CPU
	EndGlobalSection
	GlobalSection(ProjectConfigurationPlatforms) = postSolution
		{B943DBE1-54E6-0E1A-E0B7-D591754B3D72}.Debug|Any CPU.ActiveCfg = Debug|Any CPU
		{B943DBE1-54E6-0E1A-E0B7-D591754B3D72}.Debug|Any CPU.Build.0 = Debug|Any CPU
		{B943DBE1-54E6-0E1A-E0B7-D591754B3D72}.Release|Any CPU.ActiveCfg = Release|Any CPU
		{B943DBE1-54E6-0E1A-E0B7-D591754B3D72}.Release|Any CPU.Build.0 = Release|Any CPU
	EndGlobalSection
	GlobalSection(SolutionProperties) = preSolution
		HideSolutionNode = FALSE
	EndGlobalSection
	GlobalSection(ExtensibilityGlobals) = postSolution
		SolutionGuid = {7CECA1C8-8DAE-4331-B114-FC6AB13CD926}
	EndGlobalSection
EndGlobal
